
Microsoft Visual Studio Solution File, Format Version 12.00
# Visual Studio Version 16
VisualStudioVersion = 16.0.32510.428
MinimumVisualStudioVersion = 10.0.40219.1
Project("{FAE04EC0-301F-11D3-BF4B-00C04F79EFBC}") = "EmployeeDemo", "EmployeeDemo.csproj", "{149ACBA9-61B8-41AC-8977-E450C1F30181}"
EndProject
Global
	GlobalSection(SolutionConfigurationPlatforms) = preSolution
		Debug|Any CPU = Debug|Any CPU
		Release|Any CPU = Release|Any CPU
	EndGlobalSection
	GlobalSection(ProjectConfigurationPlatforms) = postSolution
		{149ACBA9-61B8-41AC-8977-E450C1F30181}.Debug|Any CPU.ActiveCfg = Debug|Any CPU
		{149ACBA9-61B8-41AC-8977-E450C1F30181}.Debug|Any CPU.Build.0 = Debug|Any CPU
		{149ACBA9-61B8-41AC-8977-E450C1F30181}.Release|Any CPU.ActiveCfg = Release|Any CPU
		{149ACBA9-61B8-41AC-8977-E450C1F30181}.Release|Any CPU.Build.0 = Release|Any CPU
	EndGlobalSection
	GlobalSection(SolutionProperties) = preSolution
		HideSolutionNode = FALSE
	EndGlobalSection
	GlobalSection(ExtensibilityGlobals) = postSolution
		SolutionGuid = {540C79A9-292D-4C02-9B09-DD4831BEBF67}
	EndGlobalSection
EndGlobal
